
Microsoft Visual Studio Solution File, Format Version 11.00
# Visual Studio 2010
Project("{FAE04EC0-301F-11D3-BF4B-00C04F79EFBC}") = "Company", "Company\Company.csproj", "{8BBBD59D-85A0-47D4-9FA8-1602B50F1E70}"
EndProject
Project("{FAE04EC0-301F-11D3-BF4B-00C04F79EFBC}") = "RestService", "RestService\RestService.csproj", "{BF0D7517-5A80-4E13-ABA4-B1C3CD7157AB}"
EndProject
Project("{FAE04EC0-301F-11D3-BF4B-00C04F79EFBC}") = "DAL", "DAL\DAL.csproj", "{BD0824A8-238C-4DA1-BC53-1B05A40DAD95}"
EndProject
Project("{FAE04EC0-301F-11D3-BF4B-00C04F79EFBC}") = "TestRest", "TestRest\TestRest.csproj", "{CC564047-F766-4964-8DAD-65446D18EE4E}"
EndProject
Project("{2150E333-8FDC-42A3-9474-1A3956D46DE8}") = "Solution Items", "Solution Items", "{A7D86775-05BD-4932-A148-6108A30B8E85}"
	ProjectSection(SolutionItems) = preProject
		Local.testsettings = Local.testsettings
		RestService.vsmdi = RestService.vsmdi
		TraceAndTestImpact.testsettings = TraceAndTestImpact.testsettings
	EndProjectSection
EndProject
Global
	GlobalSection(TestCaseManagementSettings) = postSolution
		CategoryFile = RestService.vsmdi
	EndGlobalSection
	GlobalSection(SolutionConfigurationPlatforms) = preSolution
		Debug|Any CPU = Debug|Any CPU
		Release|Any CPU = Release|Any CPU
	EndGlobalSection
	GlobalSection(ProjectConfigurationPlatforms) = postSolution
		{8BBBD59D-85A0-47D4-9FA8-1602B50F1E70}.Debug|Any CPU.ActiveCfg = Debug|Any CPU
		{8BBBD59D-85A0-47D4-9FA8-1602B50F1E70}.Debug|Any CPU.Build.0 = Debug|Any CPU
		{8BBBD59D-85A0-47D4-9FA8-1602B50F1E70}.Release|Any CPU.ActiveCfg = Release|Any CPU
		{8BBBD59D-85A0-47D4-9FA8-1602B50F1E70}.Release|Any CPU.Build.0 = Release|Any CPU
		{BF0D7517-5A80-4E13-ABA4-B1C3CD7157AB}.Debug|Any CPU.ActiveCfg = Debug|Any CPU
		{BF0D7517-5A80-4E13-ABA4-B1C3CD7157AB}.Debug|Any CPU.Build.0 = Debug|Any CPU
		{BF0D7517-5A80-4E13-ABA4-B1C3CD7157AB}.Release|Any CPU.ActiveCfg = Release|Any CPU
		{BF0D7517-5A80-4E13-ABA4-B1C3CD7157AB}.Release|Any CPU.Build.0 = Release|Any CPU
		{BD0824A8-238C-4DA1-BC53-1B05A40DAD95}.Debug|Any CPU.ActiveCfg = Debug|Any CPU
		{BD0824A8-238C-4DA1-BC53-1B05A40DAD95}.Debug|Any CPU.Build.0 = Debug|Any CPU
		{BD0824A8-238C-4DA1-BC53-1B05A40DAD95}.Release|Any CPU.ActiveCfg = Release|Any CPU
		{BD0824A8-238C-4DA1-BC53-1B05A40DAD95}.Release|Any CPU.Build.0 = Release|Any CPU
		{CC564047-F766-4964-8DAD-65446D18EE4E}.Debug|Any CPU.ActiveCfg = Debug|Any CPU
		{CC564047-F766-4964-8DAD-65446D18EE4E}.Debug|Any CPU.Build.0 = Debug|Any CPU
		{CC564047-F766-4964-8DAD-65446D18EE4E}.Release|Any CPU.ActiveCfg = Release|Any CPU
		{CC564047-F766-4964-8DAD-65446D18EE4E}.Release|Any CPU.Build.0 = Release|Any CPU
	EndGlobalSection
	GlobalSection(SolutionProperties) = preSolution
		HideSolutionNode = FALSE
	EndGlobalSection
EndGlobal
